
Microsoft Visual Studio Solution File, Format Version 12.00
# Visual Studio Version 17
VisualStudioVersion = 17.12.35527.113 d17.12
MinimumVisualStudioVersion = 10.0.40219.1
Project("{FAE04EC0-301F-11D3-BF4B-00C04F79EFBC}") = "VinLotteri", "VinLotteri\VinLotteri.csproj", "{661C6CE2-CB2C-42AA-9624-A9733FE565FD}"
EndProject
Global
	GlobalSection(SolutionConfigurationPlatforms) = preSolution
		Debug|Any CPU = Debug|Any CPU
		Release|Any CPU = Release|Any CPU
	EndGlobalSection
	GlobalSection(ProjectConfigurationPlatforms) = postSolution
		{661C6CE2-CB2C-42AA-9624-A9733FE565FD}.Debug|Any CPU.ActiveCfg = Debug|Any CPU
		{661C6CE2-CB2C-42AA-9624-A9733FE565FD}.Debug|Any CPU.Build.0 = Debug|Any CPU
		{661C6CE2-CB2C-42AA-9624-A9733FE565FD}.Release|Any CPU.ActiveCfg = Release|Any CPU
		{661C6CE2-CB2C-42AA-9624-A9733FE565FD}.Release|Any CPU.Build.0 = Release|Any CPU
	EndGlobalSection
	GlobalSection(SolutionProperties) = preSolution
		HideSolutionNode = FALSE
	EndGlobalSection
EndGlobal
